// !$*UTF8*$!
{
	archiveVersion = 1;
	classes = {
	};
	objectVersion = 50;
	objects = {

/* Begin PBXBuildFile section */
		56217D3F230F4D3600927594 /* AppDelegate.swift in Sources */ = {isa = PBXBuildFile; fileRef = 56217D3E230F4D3600927594 /* AppDelegate.swift */; };
		56217D41230F4D3600927594 /* ViewController.swift in Sources */ = {isa = PBXBuildFile; fileRef = 56217D40230F4D3600927594 /* ViewController.swift */; };
		56217D44230F4D3600927594 /* Main.storyboard in Resources */ = {isa = PBXBuildFile; fileRef = 56217D42230F4D3600927594 /* Main.storyboard */; };
		56217D46230F4D3700927594 /* Assets.xcassets in Resources */ = {isa = PBXBuildFile; fileRef = 56217D45230F4D3700927594 /* Assets.xcassets */; };
		56217D49230F4D3700927594 /* LaunchScreen.storyboard in Resources */ = {isa = PBXBuildFile; fileRef = 56217D47230F4D3700927594 /* LaunchScreen.storyboard */; };
		56217D53230F4E4300927594 /* Video.swift in Sources */ = {isa = PBXBuildFile; fileRef = 56217D52230F4E4300927594 /* Video.swift */; };
		56217D56230F4E7300927594 /* VideoCell.swift in Sources */ = {isa = PBXBuildFile; fileRef = 56217D55230F4E7300927594 /* VideoCell.swift */; };
		56217D59230F4EA000927594 /* VideoViewModel.swift in Sources */ = {isa = PBXBuildFile; fileRef = 56217D58230F4EA000927594 /* VideoViewModel.swift */; };
		56217D5B230F4F2000927594 /* VideoTableViewController.swift in Sources */ = {isa = PBXBuildFile; fileRef = 56217D5A230F4F2000927594 /* VideoTableViewController.swift */; };
		56217D5E230F510000927594 /* Service.swift in Sources */ = {isa = PBXBuildFile; fileRef = 56217D5D230F510000927594 /* Service.swift */; };
/* End PBXBuildFile section */

/* Begin PBXFileReference section */
		56217D3B230F4D3600927594 /* Stream.app */ = {isa = PBXFileReference; explicitFileType = wrapper.application; includeInIndex = 0; path = Stream.app; sourceTree = BUILT_PRODUCTS_DIR; };
		56217D3E230F4D3600927594 /* AppDelegate.swift */ = {isa = PBXFileReference; lastKnownFileType = sourcecode.swift; path = AppDelegate.swift; sourceTree = "<group>"; };
		56217D40230F4D3600927594 /* ViewController.swift */ = {isa = PBXFileReference; lastKnownFileType = sourcecode.swift; path = ViewController.swift; sourceTree = "<group>"; };
		56217D43230F4D3600927594 /* Base */ = {isa = PBXFileReference; lastKnownFileType = file.storyboard; name = Base; path = Base.lproj/Main.storyboard; sourceTree = "<group>"; };
		56217D45230F4D3700927594 /* Assets.xcassets */ = {isa = PBXFileReference; lastKnownFileType = folder.assetcatalog; path = Assets.xcassets; sourceTree = "<group>"; };
		56217D48230F4D3700927594 /* Base */ = {isa = PBXFileReference; lastKnownFileType = file.storyboard; name = Base; path = Base.lproj/LaunchScreen.storyboard; sourceTree = "<group>"; };
		56217D4A230F4D3700927594 /* Info.plist */ = {isa = PBXFileReference; lastKnownFileType = text.plist.xml; path = Info.plist; sourceTree = "<group>"; };
		56217D52230F4E4300927594 /* Video.swift */ = {isa = PBXFileReference; lastKnownFileType = sourcecode.swift; path = Video.swift; sourceTree = "<group>"; };
		56217D55230F4E7300927594 /* VideoCell.swift */ = {isa = PBXFileReference; lastKnownFileType = sourcecode.swift; path = VideoCell.swift; sourceTree = "<group>"; };
		56217D58230F4EA000927594 /* VideoViewModel.swift */ = {isa = PBXFileReference; lastKnownFileType = sourcecode.swift; path = VideoViewModel.swift; sourceTree = "<group>"; };
		56217D5A230F4F2000927594 /* VideoTableViewController.swift */ = {isa = PBXFileReference; lastKnownFileType = sourcecode.swift; path = VideoTableViewController.swift; sourceTree = "<group>"; };
		56217D5D230F510000927594 /* Service.swift */ = {isa = PBXFileReference; lastKnownFileType = sourcecode.swift; path = Service.swift; sourceTree = "<group>"; };
/* End PBXFileReference section */

/* Begin PBXFrameworksBuildPhase section */
		56217D38230F4D3600927594 /* Frameworks */ = {
			isa = PBXFrameworksBuildPhase;
			buildActionMask = 2147483647;
			files = (
			);
			runOnlyForDeploymentPostprocessing = 0;
		};
/* End PBXFrameworksBuildPhase section */

/* Begin PBXGroup section */
		56217D32230F4D3600927594 = {
			isa = PBXGroup;
			children = (
				56217D3D230F4D3600927594 /* Stream */,
				56217D3C230F4D3600927594 /* Products */,
			);
			sourceTree = "<group>";
		};
		56217D3C230F4D3600927594 /* Products */ = {
			isa = PBXGroup;
			children = (
				56217D3B230F4D3600927594 /* Stream.app */,
			);
			name = Products;
			sourceTree = "<group>";
		};
		56217D3D230F4D3600927594 /* Stream */ = {
			isa = PBXGroup;
			children = (
				56217D5C230F50EA00927594 /* Service */,
				56217D57230F4E8900927594 /* View Model */,
				56217D54230F4E5800927594 /* View */,
				56217D51230F4E2600927594 /* Model */,
				56217D50230F4E0E00927594 /* Controllers */,
				56217D42230F4D3600927594 /* Main.storyboard */,
				56217D3E230F4D3600927594 /* AppDelegate.swift */,
				56217D40230F4D3600927594 /* ViewController.swift */,
				56217D45230F4D3700927594 /* Assets.xcassets */,
				56217D47230F4D3700927594 /* LaunchScreen.storyboard */,
				56217D4A230F4D3700927594 /* Info.plist */,
			);
			path = Stream;
			sourceTree = "<group>";
		};
		56217D50230F4E0E00927594 /* Controllers */ = {
			isa = PBXGroup;
			children = (
				56217D5A230F4F2000927594 /* VideoTableViewController.swift */,
			);
			path = Controllers;
			sourceTree = "<group>";
		};
		56217D51230F4E2600927594 /* Model */ = {
			isa = PBXGroup;
			children = (
				56217D52230F4E4300927594 /* Video.swift */,
			);
			path = Model;
			sourceTree = "<group>";
		};
		56217D54230F4E5800927594 /* View */ = {
			isa = PBXGroup;
			children = (
				56217D55230F4E7300927594 /* VideoCell.swift */,
			);
			path = View;
			sourceTree = "<group>";
		};
		56217D57230F4E8900927594 /* View Model */ = {
			isa = PBXGroup;
			children = (
				56217D58230F4EA000927594 /* VideoViewModel.swift */,
			);
			path = "View Model";
			sourceTree = "<group>";
		};
		56217D5C230F50EA00927594 /* Service */ = {
			isa = PBXGroup;
			children = (
				56217D5D230F510000927594 /* Service.swift */,
			);
			path = Service;
			sourceTree = "<group>";
		};
/* End PBXGroup section */

/* Begin PBXNativeTarget section */
		56217D3A230F4D3600927594 /* Stream */ = {
			isa = PBXNativeTarget;
			buildConfigurationList = 56217D4D230F4D3700927594 /* Build configuration list for PBXNativeTarget "Stream" */;
			buildPhases = (
				56217D37230F4D3600927594 /* Sources */,
				56217D38230F4D3600927594 /* Frameworks */,
				56217D39230F4D3600927594 /* Resources */,
			);
			buildRules = (
			);
			dependencies = (
			);
			name = Stream;
			productName = Stream;
			productReference = 56217D3B230F4D3600927594 /* Stream.app */;
			productType = "com.apple.product-type.application";
		};
/* End PBXNativeTarget section */

/* Begin PBXProject section */
		56217D33230F4D3600927594 /* Project object */ = {
			isa = PBXProject;
			attributes = {
				LastSwiftUpdateCheck = 1020;
				LastUpgradeCheck = 1020;
				ORGANIZATIONNAME = "Sheila Doherty";
				TargetAttributes = {
					56217D3A230F4D3600927594 = {
						CreatedOnToolsVersion = 10.2.1;
					};
				};
			};
			buildConfigurationList = 56217D36230F4D3600927594 /* Build configuration list for PBXProject "Stream" */;
			compatibilityVersion = "Xcode 9.3";
			developmentRegion = en;
			hasScannedForEncodings = 0;
			knownRegions = (
				en,
				Base,
			);
			mainGroup = 56217D32230F4D3600927594;
			productRefGroup = 56217D3C230F4D3600927594 /* Products */;
			projectDirPath = "";
			projectRoot = "";
			targets = (
				56217D3A230F4D3600927594 /* Stream */,
			);
		};
/* End PBXProject section */

/* Begin PBXResourcesBuildPhase section */
		56217D39230F4D3600927594 /* Resources */ = {
			isa = PBXResourcesBuildPhase;
			buildActionMask = 2147483647;
			files = (
				56217D49230F4D3700927594 /* LaunchScreen.storyboard in Resources */,
				56217D46230F4D3700927594 /* Assets.xcassets in Resources */,
				56217D44230F4D3600927594 /* Main.storyboard in Resources */,
			);
			runOnlyForDeploymentPostprocessing = 0;
		};
/* End PBXResourcesBuildPhase section */

/* Begin PBXSourcesBuildPhase section */
		56217D37230F4D3600927594 /* Sources */ = {
			isa = PBXSourcesBuildPhase;
			buildActionMask = 2147483647;
			files = (
				56217D41230F4D3600927594 /* ViewController.swift in Sources */,
				56217D5E230F510000927594 /* Service.swift in Sources */,
				56217D5B230F4F2000927594 /* VideoTableViewController.swift in Sources */,
				56217D56230F4E7300927594 /* VideoCell.swift in Sources */,
				56217D53230F4E4300927594 /* Video.swift in Sources */,
				56217D59230F4EA000927594 /* VideoViewModel.swift in Sources */,
				56217D3F230F4D3600927594 /* AppDelegate.swift in Sources */,
			);
			runOnlyForDeploymentPostprocessing = 0;
		};
/* End PBXSourcesBuildPhase section */

/* Begin PBXVariantGroup section */
		56217D42230F4D3600927594 /* Main.storyboard */ = {
			isa = PBXVariantGroup;
			children = (
				56217D43230F4D3600927594 /* Base */,
			);
			name = Main.storyboard;
			sourceTree = "<group>";
		};
		56217D47230F4D3700927594 /* LaunchScreen.storyboard */ = {
			isa = PBXVariantGroup;
			children = (
				56217D48230F4D3700927594 /* Base */,
			);
			name = LaunchScreen.storyboard;
			sourceTree = "<group>";
		};
/* End PBXVariantGroup section */

/* Begin XCBuildConfiguration section */
		56217D4B230F4D3700927594 /* Debug */ = {
			isa = XCBuildConfiguration;
			buildSettings = {
				ALWAYS_SEARCH_USER_PATHS = NO;
				CLANG_ANALYZER_NONNULL = YES;
				CLANG_ANALYZER_NUMBER_OBJECT_CONVERSION = YES_AGGRESSIVE;
				CLANG_CXX_LANGUAGE_STANDARD = "gnu++14";
				CLANG_CXX_LIBRARY = "libc++";
				CLANG_ENABLE_MODULES = YES;
				CLANG_ENABLE_OBJC_ARC = YES;
				CLANG_ENABLE_OBJC_WEAK = YES;
				CLANG_WARN_BLOCK_CAPTURE_AUTORELEASING = YES;
				CLANG_WARN_BOOL_CONVERSION = YES;
				CLANG_WARN_COMMA = YES;
				CLANG_WARN_CONSTANT_CONVERSION = YES;
				CLANG_WARN_DEPRECATED_OBJC_IMPLEMENTATIONS = YES;
				CLANG_WARN_DIRECT_OBJC_ISA_USAGE = YES_ERROR;
				CLANG_WARN_DOCUMENTATION_COMMENTS = YES;
				CLANG_WARN_EMPTY_BODY = YES;
				CLANG_WARN_ENUM_CONVERSION = YES;
				CLANG_WARN_INFINITE_RECURSION = YES;
				CLANG_WARN_INT_CONVERSION = YES;
				CLANG_WARN_NON_LITERAL_NULL_CONVERSION = YES;
				CLANG_WARN_OBJC_IMPLICIT_RETAIN_SELF = YES;
				CLANG_WARN_OBJC_LITERAL_CONVERSION = YES;
				CLANG_WARN_OBJC_ROOT_CLASS = YES_ERROR;
				CLANG_WARN_RANGE_LOOP_ANALYSIS = YES;
				CLANG_WARN_STRICT_PROTOTYPES = YES;
				CLANG_WARN_SUSPICIOUS_MOVE = YES;
				CLANG_WARN_UNGUARDED_AVAILABILITY = YES_AGGRESSIVE;
				CLANG_WARN_UNREACHABLE_CODE = YES;
				CLANG_WARN__DUPLICATE_METHOD_MATCH = YES;
				CODE_SIGN_IDENTITY = "iPhone Developer";
				COPY_PHASE_STRIP = NO;
				DEBUG_INFORMATION_FORMAT = dwarf;
				ENABLE_STRICT_OBJC_MSGSEND = YES;
				ENABLE_TESTABILITY = YES;
				GCC_C_LANGUAGE_STANDARD = gnu11;
				GCC_DYNAMIC_NO_PIC = NO;
				GCC_NO_COMMON_BLOCKS = YES;
				GCC_OPTIMIZATION_LEVEL = 0;
				GCC_PREPROCESSOR_DEFINITIONS = (
					"DEBUG=1",
					"$(inherited)",
				);
				GCC_WARN_64_TO_32_BIT_CONVERSION = YES;
				GCC_WARN_ABOUT_RETURN_TYPE = YES_ERROR;
				GCC_WARN_UNDECLARED_SELECTOR = YES;
				GCC_WARN_UNINITIALIZED_AUTOS = YES_AGGRESSIVE;
				GCC_WARN_UNUSED_FUNCTION = YES;
				GCC_WARN_UNUSED_VARIABLE = YES;
				IPHONEOS_DEPLOYMENT_TARGET = 12.2;
				MTL_ENABLE_DEBUG_INFO = INCLUDE_SOURCE;
				MTL_FAST_MATH = YES;
				ONLY_ACTIVE_ARCH = YES;
				SDKROOT = iphoneos;
				SWIFT_ACTIVE_COMPILATION_CONDITIONS = DEBUG;
				SWIFT_OPTIMIZATION_LEVEL = "-Onone";
			};
			name = Debug;
		};
		56217D4C230F4D3700927594 /* Release */ = {
			isa = XCBuildConfiguration;
			buildSettings = {
				ALWAYS_SEARCH_USER_PATHS = NO;
				CLANG_ANALYZER_NONNULL = YES;
				CLANG_ANALYZER_NUMBER_OBJECT_CONVERSION = YES_AGGRESSIVE;
				CLANG_CXX_LANGUAGE_STANDARD = "gnu++14";
				CLANG_CXX_LIBRARY = "libc++";
				CLANG_ENABLE_MODULES = YES;
				CLANG_ENABLE_OBJC_ARC = YES;
				CLANG_ENABLE_OBJC_WEAK = YES;
				CLANG_WARN_BLOCK_CAPTURE_AUTORELEASING = YES;
				CLANG_WARN_BOOL_CONVERSION = YES;
				CLANG_WARN_COMMA = YES;
				CLANG_WARN_CONSTANT_CONVERSION = YES;
				CLANG_WARN_DEPRECATED_OBJC_IMPLEMENTATIONS = YES;
				CLANG_WARN_DIRECT_OBJC_ISA_USAGE = YES_ERROR;
				CLANG_WARN_DOCUMENTATION_COMMENTS = YES;
				CLANG_WARN_EMPTY_BODY = YES;
				CLANG_WARN_ENUM_CONVERSION = YES;
				CLANG_WARN_INFINITE_RECURSION = YES;
				CLANG_WARN_INT_CONVERSION = YES;
				CLANG_WARN_NON_LITERAL_NULL_CONVERSION = YES;
				CLANG_WARN_OBJC_IMPLICIT_RETAIN_SELF = YES;
				CLANG_WARN_OBJC_LITERAL_CONVERSION = YES;
				CLANG_WARN_OBJC_ROOT_CLASS = YES_ERROR;
				CLANG_WARN_RANGE_LOOP_ANALYSIS = YES;
				CLANG_WARN_STRICT_PROTOTYPES = YES;
				CLANG_WARN_SUSPICIOUS_MOVE = YES;
				CLANG_WARN_UNGUARDED_AVAILABILITY = YES_AGGRESSIVE;
				CLANG_WARN_UNREACHABLE_CODE = YES;
				CLANG_WARN__DUPLICATE_METHOD_MATCH = YES;
				CODE_SIGN_IDENTITY = "iPhone Developer";
				COPY_PHASE_STRIP = NO;
				DEBUG_INFORMATION_FORMAT = "dwarf-with-dsym";
				ENABLE_NS_ASSERTIONS = NO;
				ENABLE_STRICT_OBJC_MSGSEND = YES;
				GCC_C_LANGUAGE_STANDARD = gnu11;
				GCC_NO_COMMON_BLOCKS = YES;
				GCC_WARN_64_TO_32_BIT_CONVERSION = YES;
				GCC_WARN_ABOUT_RETURN_TYPE = YES_ERROR;
				GCC_WARN_UNDECLARED_SELECTOR = YES;
				GCC_WARN_UNINITIALIZED_AUTOS = YES_AGGRESSIVE;
				GCC_WARN_UNUSED_FUNCTION = YES;
				GCC_WARN_UNUSED_VARIABLE = YES;
				IPHONEOS_DEPLOYMENT_TARGET = 12.2;
				MTL_ENABLE_DEBUG_INFO = NO;
				MTL_FAST_MATH = YES;
				SDKROOT = iphoneos;
				SWIFT_COMPILATION_MODE = wholemodule;
				SWIFT_OPTIMIZATION_LEVEL = "-O";
				VALIDATE_PRODUCT = YES;
			};
			name = Release;
		};
		56217D4E230F4D3700927594 /* Debug */ = {
			isa = XCBuildConfiguration;
			buildSettings = {
				ASSETCATALOG_COMPILER_APPICON_NAME = AppIcon;
				CODE_SIGN_STYLE = Automatic;
				DEVELOPMENT_TEAM = D94U6R75PG;
				INFOPLIST_FILE = Stream/Info.plist;
				LD_RUNPATH_SEARCH_PATHS = (
					"$(inherited)",
					"@executable_path/Frameworks",
				);
				PRODUCT_BUNDLE_IDENTIFIER = D6.Stream;
				PRODUCT_NAME = "$(TARGET_NAME)";
				SWIFT_VERSION = 5.0;
				TARGETED_DEVICE_FAMILY = "1,2";
			};
			name = Debug;
		};
		56217D4F230F4D3700927594 /* Release */ = {
			isa = XCBuildConfiguration;
			buildSettings = {
				ASSETCATALOG_COMPILER_APPICON_NAME = AppIcon;
				CODE_SIGN_STYLE = Automatic;
				DEVELOPMENT_TEAM = D94U6R75PG;
				INFOPLIST_FILE = Stream/Info.plist;
				LD_RUNPATH_SEARCH_PATHS = (
					"$(inherited)",
					"@executable_path/Frameworks",
				);
				PRODUCT_BUNDLE_IDENTIFIER = D6.Stream;
				PRODUCT_NAME = "$(TARGET_NAME)";
				SWIFT_VERSION = 5.0;
				TARGETED_DEVICE_FAMILY = "1,2";
			};
			name = Release;
		};
/* End XCBuildConfiguration section */

/* Begin XCConfigurationList section */
		56217D36230F4D3600927594 /* Build configuration list for PBXProject "Stream" */ = {
			isa = XCConfigurationList;
			buildConfigurations = (
				56217D4B230F4D3700927594 /* Debug */,
				56217D4C230F4D3700927594 /* Release */,
			);
			defaultConfigurationIsVisible = 0;
			defaultConfigurationName = Release;
		};
		56217D4D230F4D3700927594 /* Build configuration list for PBXNativeTarget "Stream" */ = {
			isa = XCConfigurationList;
			buildConfigurations = (
				56217D4E230F4D3700927594 /* Debug */,
				56217D4F230F4D3700927594 /* Release */,
			);
			defaultConfigurationIsVisible = 0;
			defaultConfigurationName = Release;
		};
/* End XCConfigurationList section */
	};
	rootObject = 56217D33230F4D3600927594 /* Project object */;
}
